
Microsoft Visual Studio Solution File, Format Version 12.00
# Visual Studio Version 16
VisualStudioVersion = 16.0.29209.62
MinimumVisualStudioVersion = 10.0.40219.1
Project("{FAE04EC0-301F-11D3-BF4B-00C04F79EFBC}") = "JsFileHashResponseTime", "WebApplication2\JsFileHashResponseTime.csproj", "{418A97C9-188D-40B7-B6D8-0339CECCED78}"
EndProject
Global
	GlobalSection(SolutionConfigurationPlatforms) = preSolution
		Debug|Any CPU = Debug|Any CPU
		Release|Any CPU = Release|Any CPU
	EndGlobalSection
	GlobalSection(ProjectConfigurationPlatforms) = postSolution
		{418A97C9-188D-40B7-B6D8-0339CECCED78}.Debug|Any CPU.ActiveCfg = Debug|Any CPU
		{418A97C9-188D-40B7-B6D8-0339CECCED78}.Debug|Any CPU.Build.0 = Debug|Any CPU
		{418A97C9-188D-40B7-B6D8-0339CECCED78}.Release|Any CPU.ActiveCfg = Release|Any CPU
		{418A97C9-188D-40B7-B6D8-0339CECCED78}.Release|Any CPU.Build.0 = Release|Any CPU
	EndGlobalSection
	GlobalSection(SolutionProperties) = preSolution
		HideSolutionNode = FALSE
	EndGlobalSection
	GlobalSection(ExtensibilityGlobals) = postSolution
		SolutionGuid = {BA4138F6-804D-402B-BDBE-9DFA3227A464}
	EndGlobalSection
EndGlobal
